Microsoft Visual Studio Solution File, Format Version 10.00
# Visual Studio 2008
Project("{2150E333-8FDC-42A3-9474-1A3956D46DE8}") = "Solution Items", "Solution Items", "{F24A0C0B-E7AA-4DFE-AAEC-E70170E195CF}"
	ProjectSection(SolutionItems) = preProject
		EyeTracking.vsd = EyeTracking.vsd
	EndProjectSection
EndProject
Project("{8BC9CEB8-8B4A-11D0-8D11-00A0C91BC942}") = "app_EyeTracking", "app\EyeTracking.vcproj", "{2D3BE50D-879D-4ED6-8A80-14BBC1EB891C}"
	ProjectSection(ProjectDependencies) = postProject
		{401A081C-0E33-4D1E-B8D3-11CB62E70AC3} = {401A081C-0E33-4D1E-B8D3-11CB62E70AC3}
		{B863CE20-4608-4A40-89A0-2D4C46E19377} = {B863CE20-4608-4A40-89A0-2D4C46E19377}
		{BCAB0123-939B-42CC-A670-8E8CAA4E40C5} = {BCAB0123-939B-42CC-A670-8E8CAA4E40C5}
		{EC027525-044B-44D8-A4C5-C247B1AF723A} = {EC027525-044B-44D8-A4C5-C247B1AF723A}
		{D0909C35-546D-40FA-BBC5-4EE71F9F0CEF} = {D0909C35-546D-40FA-BBC5-4EE71F9F0CEF}
		{4A620836-9EE7-411C-9077-8501E97E4573} = {4A620836-9EE7-411C-9077-8501E97E4573}
		{95B77939-521A-40CC-BBFF-F67E08E1BDB8} = {95B77939-521A-40CC-BBFF-F67E08E1BDB8}
		{FF60253A-7FB3-4E76-80F2-422992C7E785} = {FF60253A-7FB3-4E76-80F2-422992C7E785}
		{E81C5F3C-5E98-4CE0-8686-BDA10258F969} = {E81C5F3C-5E98-4CE0-8686-BDA10258F969}
		{D2E7CA4A-0C60-42F8-B9E2-7D2F1C9E7536} = {D2E7CA4A-0C60-42F8-B9E2-7D2F1C9E7536}
		{8F831F55-7119-4254-BAA7-BDBD822B2345} = {8F831F55-7119-4254-BAA7-BDBD822B2345}
		{FD1F0A77-0C0B-4982-81DD-9E8BC25D2BB5} = {FD1F0A77-0C0B-4982-81DD-9E8BC25D2BB5}
		{F209CE8C-CE07-43CC-98A6-F16B3790EB80} = {F209CE8C-CE07-43CC-98A6-F16B3790EB80}
		{4442BA96-7EFD-4674-AEC7-0C00861471DB} = {4442BA96-7EFD-4674-AEC7-0C00861471DB}
		{94E87F98-AD6E-495F-A1FE-2E374402CA67} = {94E87F98-AD6E-495F-A1FE-2E374402CA67}
		{306F689E-BDC0-454B-866C-5432B76359A3} = {306F689E-BDC0-454B-866C-5432B76359A3}
		{9B50F0A3-96D3-4C39-A278-BC780F4B3E6B} = {9B50F0A3-96D3-4C39-A278-BC780F4B3E6B}
		{6BE777A5-C619-418C-8A96-78E662FFAE67} = {6BE777A5-C619-418C-8A96-78E662FFAE67}
		{C4C5D9AF-C5F4-40E9-85AE-83D599962AB4} = {C4C5D9AF-C5F4-40E9-85AE-83D599962AB4}
		{34F85EB8-C62F-4A91-8BBF-A0DDC34CE8E9} = {34F85EB8-C62F-4A91-8BBF-A0DDC34CE8E9}
		{61D2EEBC-FC0C-4E7F-869D-FA5BD2031A21} = {61D2EEBC-FC0C-4E7F-869D-FA5BD2031A21}
		{0743CDC2-FD1C-4ACE-A782-66A44E531702} = {0743CDC2-FD1C-4ACE-A782-66A44E531702}
		{1E342EC6-6354-4142-A893-9BE573C7B64F} = {1E342EC6-6354-4142-A893-9BE573C7B64F}
		{AF376BCC-3D1D-4B6F-8D2A-C654372B923A} = {AF376BCC-3D1D-4B6F-8D2A-C654372B923A}
		{9F31DFCD-7618-4A43-8196-14F8749221CD} = {9F31DFCD-7618-4A43-8196-14F8749221CD}
		{D8F189DE-A85B-4E4F-9652-F2776DC788FE} = {D8F189DE-A85B-4E4F-9652-F2776DC788FE}
		{3FAAD0E8-E67E-4D17-990B-166882499B7C} = {3FAAD0E8-E67E-4D17-990B-166882499B7C}
		{F0F152F6-5C84-4DE7-BC1C-854A88EA4C4A} = {F0F152F6-5C84-4DE7-BC1C-854A88EA4C4A}
		{CE4BB4FA-025B-4042-BF31-5B982FF16D55} = {CE4BB4FA-025B-4042-BF31-5B982FF16D55}
		{37E6B5FF-B525-4E86-9BD7-3A841CECA56A} = {37E6B5FF-B525-4E86-9BD7-3A841CECA56A}
	EndProjectSection
EndProject
Project("{8BC9CEB8-8B4A-11D0-8D11-00A0C91BC942}") = "comm", "comm\comm.vcproj", "{94E87F98-AD6E-495F-A1FE-2E374402CA67}"
	ProjectSection(ProjectDependencies) = postProject
		{37E6B5FF-B525-4E86-9BD7-3A841CECA56A} = {37E6B5FF-B525-4E86-9BD7-3A841CECA56A}
	EndProjectSection
EndProject
Project("{8BC9CEB8-8B4A-11D0-8D11-00A0C91BC942}") = "suite_alternation", "suites\alternation\alternation.vcproj", "{FF60253A-7FB3-4E76-80F2-422992C7E785}"
	ProjectSection(ProjectDependencies) = postProject
		{8F831F55-7119-4254-BAA7-BDBD822B2345} = {8F831F55-7119-4254-BAA7-BDBD822B2345}
		{94E87F98-AD6E-495F-A1FE-2E374402CA67} = {94E87F98-AD6E-495F-A1FE-2E374402CA67}
		{9F31DFCD-7618-4A43-8196-14F8749221CD} = {9F31DFCD-7618-4A43-8196-14F8749221CD}
		{37E6B5FF-B525-4E86-9BD7-3A841CECA56A} = {37E6B5FF-B525-4E86-9BD7-3A841CECA56A}
	EndProjectSection
EndProject
Project("{8BC9CEB8-8B4A-11D0-8D11-00A0C91BC942}") = "suite_amblyoscope", "suites\amblyoscope\amblyoscope.vcproj", "{61D2EEBC-FC0C-4E7F-869D-FA5BD2031A21}"
	ProjectSection(ProjectDependencies) = postProject
		{94E87F98-AD6E-495F-A1FE-2E374402CA67} = {94E87F98-AD6E-495F-A1FE-2E374402CA67}
		{9F31DFCD-7618-4A43-8196-14F8749221CD} = {9F31DFCD-7618-4A43-8196-14F8749221CD}
		{37E6B5FF-B525-4E86-9BD7-3A841CECA56A} = {37E6B5FF-B525-4E86-9BD7-3A841CECA56A}
	EndProjectSection
EndProject
Project("{8BC9CEB8-8B4A-11D0-8D11-00A0C91BC942}") = "suite_apd", "suites\apd\apd.vcproj", "{34F85EB8-C62F-4A91-8BBF-A0DDC34CE8E9}"
	ProjectSection(ProjectDependencies) = postProject
		{94E87F98-AD6E-495F-A1FE-2E374402CA67} = {94E87F98-AD6E-495F-A1FE-2E374402CA67}
		{9F31DFCD-7618-4A43-8196-14F8749221CD} = {9F31DFCD-7618-4A43-8196-14F8749221CD}
		{37E6B5FF-B525-4E86-9BD7-3A841CECA56A} = {37E6B5FF-B525-4E86-9BD7-3A841CECA56A}
	EndProjectSection
EndProject
Project("{8BC9CEB8-8B4A-11D0-8D11-00A0C91BC942}") = "suite_calibration", "suites\calibration\calibration.vcproj", "{AF376BCC-3D1D-4B6F-8D2A-C654372B923A}"
	ProjectSection(ProjectDependencies) = postProject
		{94E87F98-AD6E-495F-A1FE-2E374402CA67} = {94E87F98-AD6E-495F-A1FE-2E374402CA67}
		{9F31DFCD-7618-4A43-8196-14F8749221CD} = {9F31DFCD-7618-4A43-8196-14F8749221CD}
		{37E6B5FF-B525-4E86-9BD7-3A841CECA56A} = {37E6B5FF-B525-4E86-9BD7-3A841CECA56A}
	EndProjectSection
EndProject
Project("{8BC9CEB8-8B4A-11D0-8D11-00A0C91BC942}") = "suite_circle_annulus", "suites\circle_annulus\circle_annulus.vcproj", "{D2E7CA4A-0C60-42F8-B9E2-7D2F1C9E7536}"
	ProjectSection(ProjectDependencies) = postProject
		{94E87F98-AD6E-495F-A1FE-2E374402CA67} = {94E87F98-AD6E-495F-A1FE-2E374402CA67}
		{9F31DFCD-7618-4A43-8196-14F8749221CD} = {9F31DFCD-7618-4A43-8196-14F8749221CD}
		{37E6B5FF-B525-4E86-9BD7-3A841CECA56A} = {37E6B5FF-B525-4E86-9BD7-3A841CECA56A}
	EndProjectSection
EndProject
Project("{8BC9CEB8-8B4A-11D0-8D11-00A0C91BC942}") = "suite_fullfield", "suites\fullfield\fullfield.vcproj", "{C4C5D9AF-C5F4-40E9-85AE-83D599962AB4}"
	ProjectSection(ProjectDependencies) = postProject
		{94E87F98-AD6E-495F-A1FE-2E374402CA67} = {94E87F98-AD6E-495F-A1FE-2E374402CA67}
		{9F31DFCD-7618-4A43-8196-14F8749221CD} = {9F31DFCD-7618-4A43-8196-14F8749221CD}
		{37E6B5FF-B525-4E86-9BD7-3A841CECA56A} = {37E6B5FF-B525-4E86-9BD7-3A841CECA56A}
	EndProjectSection
EndProject
Project("{8BC9CEB8-8B4A-11D0-8D11-00A0C91BC942}") = "suite_generic", "suites\generic\generic.vcproj", "{401A081C-0E33-4D1E-B8D3-11CB62E70AC3}"
	ProjectSection(ProjectDependencies) = postProject
		{94E87F98-AD6E-495F-A1FE-2E374402CA67} = {94E87F98-AD6E-495F-A1FE-2E374402CA67}
		{9F31DFCD-7618-4A43-8196-14F8749221CD} = {9F31DFCD-7618-4A43-8196-14F8749221CD}
		{37E6B5FF-B525-4E86-9BD7-3A841CECA56A} = {37E6B5FF-B525-4E86-9BD7-3A841CECA56A}
	EndProjectSection
EndProject
Project("{8BC9CEB8-8B4A-11D0-8D11-00A0C91BC942}") = "suite_gratings", "suites\gratings\gratings.vcproj", "{306F689E-BDC0-454B-866C-5432B76359A3}"
	ProjectSection(ProjectDependencies) = postProject
		{94E87F98-AD6E-495F-A1FE-2E374402CA67} = {94E87F98-AD6E-495F-A1FE-2E374402CA67}
		{9F31DFCD-7618-4A43-8196-14F8749221CD} = {9F31DFCD-7618-4A43-8196-14F8749221CD}
		{37E6B5FF-B525-4E86-9BD7-3A841CECA56A} = {37E6B5FF-B525-4E86-9BD7-3A841CECA56A}
	EndProjectSection
EndProject
Project("{8BC9CEB8-8B4A-11D0-8D11-00A0C91BC942}") = "suite_isoluminant", "suites\isoluminant\isoluminant.vcproj", "{0743CDC2-FD1C-4ACE-A782-66A44E531702}"
	ProjectSection(ProjectDependencies) = postProject
		{94E87F98-AD6E-495F-A1FE-2E374402CA67} = {94E87F98-AD6E-495F-A1FE-2E374402CA67}
		{9F31DFCD-7618-4A43-8196-14F8749221CD} = {9F31DFCD-7618-4A43-8196-14F8749221CD}
		{37E6B5FF-B525-4E86-9BD7-3A841CECA56A} = {37E6B5FF-B525-4E86-9BD7-3A841CECA56A}
	EndProjectSection
EndProject
Project("{8BC9CEB8-8B4A-11D0-8D11-00A0C91BC942}") = "suite_msequence", "suites\msequence\msequence.vcproj", "{6BE777A5-C619-418C-8A96-78E662FFAE67}"
	ProjectSection(ProjectDependencies) = postProject
		{94E87F98-AD6E-495F-A1FE-2E374402CA67} = {94E87F98-AD6E-495F-A1FE-2E374402CA67}
		{9F31DFCD-7618-4A43-8196-14F8749221CD} = {9F31DFCD-7618-4A43-8196-14F8749221CD}
		{37E6B5FF-B525-4E86-9BD7-3A841CECA56A} = {37E6B5FF-B525-4E86-9BD7-3A841CECA56A}
	EndProjectSection
EndProject
Project("{8BC9CEB8-8B4A-11D0-8D11-00A0C91BC942}") = "suite_noisegratings", "suites\noisegratings\noisegratings.vcproj", "{B863CE20-4608-4A40-89A0-2D4C46E19377}"
	ProjectSection(ProjectDependencies) = postProject
		{94E87F98-AD6E-495F-A1FE-2E374402CA67} = {94E87F98-AD6E-495F-A1FE-2E374402CA67}
		{9F31DFCD-7618-4A43-8196-14F8749221CD} = {9F31DFCD-7618-4A43-8196-14F8749221CD}
		{37E6B5FF-B525-4E86-9BD7-3A841CECA56A} = {37E6B5FF-B525-4E86-9BD7-3A841CECA56A}
	EndProjectSection
EndProject
Project("{8BC9CEB8-8B4A-11D0-8D11-00A0C91BC942}") = "suite_ocular_following", "suites\ocular_following\ocular_following.vcproj", "{4A620836-9EE7-411C-9077-8501E97E4573}"
	ProjectSection(ProjectDependencies) = postProject
		{94E87F98-AD6E-495F-A1FE-2E374402CA67} = {94E87F98-AD6E-495F-A1FE-2E374402CA67}
		{9F31DFCD-7618-4A43-8196-14F8749221CD} = {9F31DFCD-7618-4A43-8196-14F8749221CD}
		{37E6B5FF-B525-4E86-9BD7-3A841CECA56A} = {37E6B5FF-B525-4E86-9BD7-3A841CECA56A}
	EndProjectSection
EndProject
Project("{8BC9CEB8-8B4A-11D0-8D11-00A0C91BC942}") = "suite_orientation_tuning", "suites\orientation_tuning\orientation_tuning.vcproj", "{EC027525-044B-44D8-A4C5-C247B1AF723A}"
	ProjectSection(ProjectDependencies) = postProject
		{94E87F98-AD6E-495F-A1FE-2E374402CA67} = {94E87F98-AD6E-495F-A1FE-2E374402CA67}
		{9F31DFCD-7618-4A43-8196-14F8749221CD} = {9F31DFCD-7618-4A43-8196-14F8749221CD}
		{37E6B5FF-B525-4E86-9BD7-3A841CECA56A} = {37E6B5FF-B525-4E86-9BD7-3A841CECA56A}
	EndProjectSection
EndProject
Project("{8BC9CEB8-8B4A-11D0-8D11-00A0C91BC942}") = "suite_prefselection", "suites\prefselection\prefselection.vcproj", "{4442BA96-7EFD-4674-AEC7-0C00861471DB}"
	ProjectSection(ProjectDependencies) = postProject
		{94E87F98-AD6E-495F-A1FE-2E374402CA67} = {94E87F98-AD6E-495F-A1FE-2E374402CA67}
		{9F31DFCD-7618-4A43-8196-14F8749221CD} = {9F31DFCD-7618-4A43-8196-14F8749221CD}
		{37E6B5FF-B525-4E86-9BD7-3A841CECA56A} = {37E6B5FF-B525-4E86-9BD7-3A841CECA56A}
	EndProjectSection
EndProject
Project("{8BC9CEB8-8B4A-11D0-8D11-00A0C91BC942}") = "suite_pursuit", "suites\pursuit\pursuit.vcproj", "{D0909C35-546D-40FA-BBC5-4EE71F9F0CEF}"
	ProjectSection(ProjectDependencies) = postProject
		{94E87F98-AD6E-495F-A1FE-2E374402CA67} = {94E87F98-AD6E-495F-A1FE-2E374402CA67}
		{9F31DFCD-7618-4A43-8196-14F8749221CD} = {9F31DFCD-7618-4A43-8196-14F8749221CD}
		{37E6B5FF-B525-4E86-9BD7-3A841CECA56A} = {37E6B5FF-B525-4E86-9BD7-3A841CECA56A}
	EndProjectSection
EndProject
Project("{8BC9CEB8-8B4A-11D0-8D11-00A0C91BC942}") = "suite_random_dot", "suites\random_dot\random_dot.vcproj", "{9B50F0A3-96D3-4C39-A278-BC780F4B3E6B}"
	ProjectSection(ProjectDependencies) = postProject
		{94E87F98-AD6E-495F-A1FE-2E374402CA67} = {94E87F98-AD6E-495F-A1FE-2E374402CA67}
		{9F31DFCD-7618-4A43-8196-14F8749221CD} = {9F31DFCD-7618-4A43-8196-14F8749221CD}
		{37E6B5FF-B525-4E86-9BD7-3A841CECA56A} = {37E6B5FF-B525-4E86-9BD7-3A841CECA56A}
	EndProjectSection
EndProject
Project("{8BC9CEB8-8B4A-11D0-8D11-00A0C91BC942}") = "suite_remember", "suites\remember\remember.vcproj", "{CE4BB4FA-025B-4042-BF31-5B982FF16D55}"
	ProjectSection(ProjectDependencies) = postProject
		{94E87F98-AD6E-495F-A1FE-2E374402CA67} = {94E87F98-AD6E-495F-A1FE-2E374402CA67}
		{9F31DFCD-7618-4A43-8196-14F8749221CD} = {9F31DFCD-7618-4A43-8196-14F8749221CD}
		{37E6B5FF-B525-4E86-9BD7-3A841CECA56A} = {37E6B5FF-B525-4E86-9BD7-3A841CECA56A}
	EndProjectSection
EndProject
Project("{8BC9CEB8-8B4A-11D0-8D11-00A0C91BC942}") = "suite_ruler", "suites\ruler\ruler.vcproj", "{F0F152F6-5C84-4DE7-BC1C-854A88EA4C4A}"
	ProjectSection(ProjectDependencies) = postProject
		{94E87F98-AD6E-495F-A1FE-2E374402CA67} = {94E87F98-AD6E-495F-A1FE-2E374402CA67}
		{9F31DFCD-7618-4A43-8196-14F8749221CD} = {9F31DFCD-7618-4A43-8196-14F8749221CD}
		{37E6B5FF-B525-4E86-9BD7-3A841CECA56A} = {37E6B5FF-B525-4E86-9BD7-3A841CECA56A}
	EndProjectSection
EndProject
Project("{8BC9CEB8-8B4A-11D0-8D11-00A0C91BC942}") = "suite_saccade", "suites\saccade\saccade.vcproj", "{E81C5F3C-5E98-4CE0-8686-BDA10258F969}"
	ProjectSection(ProjectDependencies) = postProject
		{94E87F98-AD6E-495F-A1FE-2E374402CA67} = {94E87F98-AD6E-495F-A1FE-2E374402CA67}
		{9F31DFCD-7618-4A43-8196-14F8749221CD} = {9F31DFCD-7618-4A43-8196-14F8749221CD}
		{37E6B5FF-B525-4E86-9BD7-3A841CECA56A} = {37E6B5FF-B525-4E86-9BD7-3A841CECA56A}
	EndProjectSection
EndProject
Project("{8BC9CEB8-8B4A-11D0-8D11-00A0C91BC942}") = "suite_scenecalib", "suites\scenecalib\scenecalib.vcproj", "{1E342EC6-6354-4142-A893-9BE573C7B64F}"
	ProjectSection(ProjectDependencies) = postProject
		{94E87F98-AD6E-495F-A1FE-2E374402CA67} = {94E87F98-AD6E-495F-A1FE-2E374402CA67}
		{9F31DFCD-7618-4A43-8196-14F8749221CD} = {9F31DFCD-7618-4A43-8196-14F8749221CD}
		{37E6B5FF-B525-4E86-9BD7-3A841CECA56A} = {37E6B5FF-B525-4E86-9BD7-3A841CECA56A}
	EndProjectSection
EndProject
Project("{8BC9CEB8-8B4A-11D0-8D11-00A0C91BC942}") = "suite_scotoma_map", "suites\scotoma_map\scotoma_map.vcproj", "{3FAAD0E8-E67E-4D17-990B-166882499B7C}"
	ProjectSection(ProjectDependencies) = postProject
		{8F831F55-7119-4254-BAA7-BDBD822B2345} = {8F831F55-7119-4254-BAA7-BDBD822B2345}
		{94E87F98-AD6E-495F-A1FE-2E374402CA67} = {94E87F98-AD6E-495F-A1FE-2E374402CA67}
		{9F31DFCD-7618-4A43-8196-14F8749221CD} = {9F31DFCD-7618-4A43-8196-14F8749221CD}
		{37E6B5FF-B525-4E86-9BD7-3A841CECA56A} = {37E6B5FF-B525-4E86-9BD7-3A841CECA56A}
	EndProjectSection
EndProject
Project("{8BC9CEB8-8B4A-11D0-8D11-00A0C91BC942}") = "suite_settings", "suites\settings\settings.vcproj", "{D8F189DE-A85B-4E4F-9652-F2776DC788FE}"
	ProjectSection(ProjectDependencies) = postProject
		{94E87F98-AD6E-495F-A1FE-2E374402CA67} = {94E87F98-AD6E-495F-A1FE-2E374402CA67}
		{9F31DFCD-7618-4A43-8196-14F8749221CD} = {9F31DFCD-7618-4A43-8196-14F8749221CD}
		{37E6B5FF-B525-4E86-9BD7-3A841CECA56A} = {37E6B5FF-B525-4E86-9BD7-3A841CECA56A}
	EndProjectSection
EndProject
Project("{8BC9CEB8-8B4A-11D0-8D11-00A0C91BC942}") = "suite_stepramp", "suites\stepramp\stepramp.vcproj", "{95B77939-521A-40CC-BBFF-F67E08E1BDB8}"
	ProjectSection(ProjectDependencies) = postProject
		{94E87F98-AD6E-495F-A1FE-2E374402CA67} = {94E87F98-AD6E-495F-A1FE-2E374402CA67}
		{9F31DFCD-7618-4A43-8196-14F8749221CD} = {9F31DFCD-7618-4A43-8196-14F8749221CD}
		{37E6B5FF-B525-4E86-9BD7-3A841CECA56A} = {37E6B5FF-B525-4E86-9BD7-3A841CECA56A}
	EndProjectSection
EndProject
Project("{8BC9CEB8-8B4A-11D0-8D11-00A0C91BC942}") = "suite_suppression", "suites\suppression\suppression.vcproj", "{FD1F0A77-0C0B-4982-81DD-9E8BC25D2BB5}"
	ProjectSection(ProjectDependencies) = postProject
		{94E87F98-AD6E-495F-A1FE-2E374402CA67} = {94E87F98-AD6E-495F-A1FE-2E374402CA67}
		{9F31DFCD-7618-4A43-8196-14F8749221CD} = {9F31DFCD-7618-4A43-8196-14F8749221CD}
		{37E6B5FF-B525-4E86-9BD7-3A841CECA56A} = {37E6B5FF-B525-4E86-9BD7-3A841CECA56A}
	EndProjectSection
EndProject
Project("{8BC9CEB8-8B4A-11D0-8D11-00A0C91BC942}") = "suite_rfmappings", "suites\rfmappings\rfmappings.vcproj", "{F209CE8C-CE07-43CC-98A6-F16B3790EB80}"
	ProjectSection(ProjectDependencies) = postProject
		{401A081C-0E33-4D1E-B8D3-11CB62E70AC3} = {401A081C-0E33-4D1E-B8D3-11CB62E70AC3}
		{94E87F98-AD6E-495F-A1FE-2E374402CA67} = {94E87F98-AD6E-495F-A1FE-2E374402CA67}
		{9F31DFCD-7618-4A43-8196-14F8749221CD} = {9F31DFCD-7618-4A43-8196-14F8749221CD}
		{D8F189DE-A85B-4E4F-9652-F2776DC788FE} = {D8F189DE-A85B-4E4F-9652-F2776DC788FE}
		{37E6B5FF-B525-4E86-9BD7-3A841CECA56A} = {37E6B5FF-B525-4E86-9BD7-3A841CECA56A}
	EndProjectSection
EndProject
Project("{8BC9CEB8-8B4A-11D0-8D11-00A0C91BC942}") = "vsgext", "vsgext\vsgext.vcproj", "{9F31DFCD-7618-4A43-8196-14F8749221CD}"
EndProject
Project("{8BC9CEB8-8B4A-11D0-8D11-00A0C91BC942}") = "sys", "sys\sys.vcproj", "{8F831F55-7119-4254-BAA7-BDBD822B2345}"
EndProject
Project("{8BC9CEB8-8B4A-11D0-8D11-00A0C91BC942}") = "suite_trial_saccades", "suites\trial_saccades\trial_saccades.vcproj", "{BCAB0123-939B-42CC-A670-8E8CAA4E40C5}"
EndProject
Project("{8BC9CEB8-8B4A-11D0-8D11-00A0C91BC942}") = "app_TestApp", "testing\TestApp\TestApp.vcproj", "{72413E59-59AF-4075-9158-25076BFC660A}"
	ProjectSection(ProjectDependencies) = postProject
		{8F831F55-7119-4254-BAA7-BDBD822B2345} = {8F831F55-7119-4254-BAA7-BDBD822B2345}
		{37E6B5FF-B525-4E86-9BD7-3A841CECA56A} = {37E6B5FF-B525-4E86-9BD7-3A841CECA56A}
	EndProjectSection
EndProject
Project("{8BC9CEB8-8B4A-11D0-8D11-00A0C91BC942}") = "utils", "utils\Utils.vcproj", "{37E6B5FF-B525-4E86-9BD7-3A841CECA56A}"
EndProject
Global
	GlobalSection(SolutionConfigurationPlatforms) = preSolution
		Debug|Win32 = Debug|Win32
		Release|Win32 = Release|Win32
	EndGlobalSection
	GlobalSection(ProjectConfigurationPlatforms) = postSolution
		{2D3BE50D-879D-4ED6-8A80-14BBC1EB891C}.Debug|Win32.ActiveCfg = Debug|Win32
		{2D3BE50D-879D-4ED6-8A80-14BBC1EB891C}.Debug|Win32.Build.0 = Debug|Win32
		{2D3BE50D-879D-4ED6-8A80-14BBC1EB891C}.Release|Win32.ActiveCfg = Release|Win32
		{2D3BE50D-879D-4ED6-8A80-14BBC1EB891C}.Release|Win32.Build.0 = Release|Win32
		{94E87F98-AD6E-495F-A1FE-2E374402CA67}.Debug|Win32.ActiveCfg = Debug|Win32
		{94E87F98-AD6E-495F-A1FE-2E374402CA67}.Debug|Win32.Build.0 = Debug|Win32
		{94E87F98-AD6E-495F-A1FE-2E374402CA67}.Release|Win32.ActiveCfg = Release|Win32
		{94E87F98-AD6E-495F-A1FE-2E374402CA67}.Release|Win32.Build.0 = Release|Win32
		{FF60253A-7FB3-4E76-80F2-422992C7E785}.Debug|Win32.ActiveCfg = Debug|Win32
		{FF60253A-7FB3-4E76-80F2-422992C7E785}.Debug|Win32.Build.0 = Debug|Win32
		{FF60253A-7FB3-4E76-80F2-422992C7E785}.Release|Win32.ActiveCfg = Release|Win32
		{FF60253A-7FB3-4E76-80F2-422992C7E785}.Release|Win32.Build.0 = Release|Win32
		{61D2EEBC-FC0C-4E7F-869D-FA5BD2031A21}.Debug|Win32.ActiveCfg = Debug|Win32
		{61D2EEBC-FC0C-4E7F-869D-FA5BD2031A21}.Debug|Win32.Build.0 = Debug|Win32
		{61D2EEBC-FC0C-4E7F-869D-FA5BD2031A21}.Release|Win32.ActiveCfg = Release|Win32
		{61D2EEBC-FC0C-4E7F-869D-FA5BD2031A21}.Release|Win32.Build.0 = Release|Win32
		{34F85EB8-C62F-4A91-8BBF-A0DDC34CE8E9}.Debug|Win32.ActiveCfg = Debug|Win32
		{34F85EB8-C62F-4A91-8BBF-A0DDC34CE8E9}.Debug|Win32.Build.0 = Debug|Win32
		{34F85EB8-C62F-4A91-8BBF-A0DDC34CE8E9}.Release|Win32.ActiveCfg = Release|Win32
		{34F85EB8-C62F-4A91-8BBF-A0DDC34CE8E9}.Release|Win32.Build.0 = Release|Win32
		{AF376BCC-3D1D-4B6F-8D2A-C654372B923A}.Debug|Win32.ActiveCfg = Debug|Win32
		{AF376BCC-3D1D-4B6F-8D2A-C654372B923A}.Debug|Win32.Build.0 = Debug|Win32
		{AF376BCC-3D1D-4B6F-8D2A-C654372B923A}.Release|Win32.ActiveCfg = Release|Win32
		{AF376BCC-3D1D-4B6F-8D2A-C654372B923A}.Release|Win32.Build.0 = Release|Win32
		{D2E7CA4A-0C60-42F8-B9E2-7D2F1C9E7536}.Debug|Win32.ActiveCfg = Debug|Win32
		{D2E7CA4A-0C60-42F8-B9E2-7D2F1C9E7536}.Debug|Win32.Build.0 = Debug|Win32
		{D2E7CA4A-0C60-42F8-B9E2-7D2F1C9E7536}.Release|Win32.ActiveCfg = Release|Win32
		{D2E7CA4A-0C60-42F8-B9E2-7D2F1C9E7536}.Release|Win32.Build.0 = Release|Win32
		{C4C5D9AF-C5F4-40E9-85AE-83D599962AB4}.Debug|Win32.ActiveCfg = Debug|Win32
		{C4C5D9AF-C5F4-40E9-85AE-83D599962AB4}.Debug|Win32.Build.0 = Debug|Win32
		{C4C5D9AF-C5F4-40E9-85AE-83D599962AB4}.Release|Win32.ActiveCfg = Release|Win32
		{C4C5D9AF-C5F4-40E9-85AE-83D599962AB4}.Release|Win32.Build.0 = Release|Win32
		{401A081C-0E33-4D1E-B8D3-11CB62E70AC3}.Debug|Win32.ActiveCfg = Debug|Win32
		{401A081C-0E33-4D1E-B8D3-11CB62E70AC3}.Debug|Win32.Build.0 = Debug|Win32
		{401A081C-0E33-4D1E-B8D3-11CB62E70AC3}.Release|Win32.ActiveCfg = Release|Win32
		{401A081C-0E33-4D1E-B8D3-11CB62E70AC3}.Release|Win32.Build.0 = Release|Win32
		{306F689E-BDC0-454B-866C-5432B76359A3}.Debug|Win32.ActiveCfg = Debug|Win32
		{306F689E-BDC0-454B-866C-5432B76359A3}.Debug|Win32.Build.0 = Debug|Win32
		{306F689E-BDC0-454B-866C-5432B76359A3}.Release|Win32.ActiveCfg = Release|Win32
		{306F689E-BDC0-454B-866C-5432B76359A3}.Release|Win32.Build.0 = Release|Win32
		{0743CDC2-FD1C-4ACE-A782-66A44E531702}.Debug|Win32.ActiveCfg = Debug|Win32
		{0743CDC2-FD1C-4ACE-A782-66A44E531702}.Debug|Win32.Build.0 = Debug|Win32
		{0743CDC2-FD1C-4ACE-A782-66A44E531702}.Release|Win32.ActiveCfg = Release|Win32
		{0743CDC2-FD1C-4ACE-A782-66A44E531702}.Release|Win32.Build.0 = Release|Win32
		{6BE777A5-C619-418C-8A96-78E662FFAE67}.Debug|Win32.ActiveCfg = Debug|Win32
		{6BE777A5-C619-418C-8A96-78E662FFAE67}.Debug|Win32.Build.0 = Debug|Win32
		{6BE777A5-C619-418C-8A96-78E662FFAE67}.Release|Win32.ActiveCfg = Release|Win32
		{6BE777A5-C619-418C-8A96-78E662FFAE67}.Release|Win32.Build.0 = Release|Win32
		{B863CE20-4608-4A40-89A0-2D4C46E19377}.Debug|Win32.ActiveCfg = Debug|Win32
		{B863CE20-4608-4A40-89A0-2D4C46E19377}.Debug|Win32.Build.0 = Debug|Win32
		{B863CE20-4608-4A40-89A0-2D4C46E19377}.Release|Win32.ActiveCfg = Release|Win32
		{B863CE20-4608-4A40-89A0-2D4C46E19377}.Release|Win32.Build.0 = Release|Win32
		{4A620836-9EE7-411C-9077-8501E97E4573}.Debug|Win32.ActiveCfg = Debug|Win32
		{4A620836-9EE7-411C-9077-8501E97E4573}.Debug|Win32.Build.0 = Debug|Win32
		{4A620836-9EE7-411C-9077-8501E97E4573}.Release|Win32.ActiveCfg = Release|Win32
		{4A620836-9EE7-411C-9077-8501E97E4573}.Release|Win32.Build.0 = Release|Win32
		{EC027525-044B-44D8-A4C5-C247B1AF723A}.Debug|Win32.ActiveCfg = Debug|Win32
		{EC027525-044B-44D8-A4C5-C247B1AF723A}.Debug|Win32.Build.0 = Debug|Win32
		{EC027525-044B-44D8-A4C5-C247B1AF723A}.Release|Win32.ActiveCfg = Release|Win32
		{EC027525-044B-44D8-A4C5-C247B1AF723A}.Release|Win32.Build.0 = Release|Win32
		{4442BA96-7EFD-4674-AEC7-0C00861471DB}.Debug|Win32.ActiveCfg = Debug|Win32
		{4442BA96-7EFD-4674-AEC7-0C00861471DB}.Debug|Win32.Build.0 = Debug|Win32
		{4442BA96-7EFD-4674-AEC7-0C00861471DB}.Release|Win32.ActiveCfg = Release|Win32
		{4442BA96-7EFD-4674-AEC7-0C00861471DB}.Release|Win32.Build.0 = Release|Win32
		{D0909C35-546D-40FA-BBC5-4EE71F9F0CEF}.Debug|Win32.ActiveCfg = Debug|Win32
		{D0909C35-546D-40FA-BBC5-4EE71F9F0CEF}.Debug|Win32.Build.0 = Debug|Win32
		{D0909C35-546D-40FA-BBC5-4EE71F9F0CEF}.Release|Win32.ActiveCfg = Release|Win32
		{D0909C35-546D-40FA-BBC5-4EE71F9F0CEF}.Release|Win32.Build.0 = Release|Win32
		{9B50F0A3-96D3-4C39-A278-BC780F4B3E6B}.Debug|Win32.ActiveCfg = Debug|Win32
		{9B50F0A3-96D3-4C39-A278-BC780F4B3E6B}.Debug|Win32.Build.0 = Debug|Win32
		{9B50F0A3-96D3-4C39-A278-BC780F4B3E6B}.Release|Win32.ActiveCfg = Release|Win32
		{9B50F0A3-96D3-4C39-A278-BC780F4B3E6B}.Release|Win32.Build.0 = Release|Win32
		{CE4BB4FA-025B-4042-BF31-5B982FF16D55}.Debug|Win32.ActiveCfg = Debug|Win32
		{CE4BB4FA-025B-4042-BF31-5B982FF16D55}.Debug|Win32.Build.0 = Debug|Win32
		{CE4BB4FA-025B-4042-BF31-5B982FF16D55}.Release|Win32.ActiveCfg = Release|Win32
		{CE4BB4FA-025B-4042-BF31-5B982FF16D55}.Release|Win32.Build.0 = Release|Win32
		{F0F152F6-5C84-4DE7-BC1C-854A88EA4C4A}.Debug|Win32.ActiveCfg = Debug|Win32
		{F0F152F6-5C84-4DE7-BC1C-854A88EA4C4A}.Debug|Win32.Build.0 = Debug|Win32
		{F0F152F6-5C84-4DE7-BC1C-854A88EA4C4A}.Release|Win32.ActiveCfg = Release|Win32
		{F0F152F6-5C84-4DE7-BC1C-854A88EA4C4A}.Release|Win32.Build.0 = Release|Win32
		{E81C5F3C-5E98-4CE0-8686-BDA10258F969}.Debug|Win32.ActiveCfg = Debug|Win32
		{E81C5F3C-5E98-4CE0-8686-BDA10258F969}.Debug|Win32.Build.0 = Debug|Win32
		{E81C5F3C-5E98-4CE0-8686-BDA10258F969}.Release|Win32.ActiveCfg = Release|Win32
		{E81C5F3C-5E98-4CE0-8686-BDA10258F969}.Release|Win32.Build.0 = Release|Win32
		{1E342EC6-6354-4142-A893-9BE573C7B64F}.Debug|Win32.ActiveCfg = Debug|Win32
		{1E342EC6-6354-4142-A893-9BE573C7B64F}.Debug|Win32.Build.0 = Debug|Win32
		{1E342EC6-6354-4142-A893-9BE573C7B64F}.Release|Win32.ActiveCfg = Release|Win32
		{1E342EC6-6354-4142-A893-9BE573C7B64F}.Release|Win32.Build.0 = Release|Win32
		{3FAAD0E8-E67E-4D17-990B-166882499B7C}.Debug|Win32.ActiveCfg = Debug|Win32
		{3FAAD0E8-E67E-4D17-990B-166882499B7C}.Debug|Win32.Build.0 = Debug|Win32
		{3FAAD0E8-E67E-4D17-990B-166882499B7C}.Release|Win32.ActiveCfg = Release|Win32
		{3FAAD0E8-E67E-4D17-990B-166882499B7C}.Release|Win32.Build.0 = Release|Win32
		{D8F189DE-A85B-4E4F-9652-F2776DC788FE}.Debug|Win32.ActiveCfg = Debug|Win32
		{D8F189DE-A85B-4E4F-9652-F2776DC788FE}.Debug|Win32.Build.0 = Debug|Win32
		{D8F189DE-A85B-4E4F-9652-F2776DC788FE}.Release|Win32.ActiveCfg = Release|Win32
		{D8F189DE-A85B-4E4F-9652-F2776DC788FE}.Release|Win32.Build.0 = Release|Win32
		{95B77939-521A-40CC-BBFF-F67E08E1BDB8}.Debug|Win32.ActiveCfg = Debug|Win32
		{95B77939-521A-40CC-BBFF-F67E08E1BDB8}.Debug|Win32.Build.0 = Debug|Win32
		{95B77939-521A-40CC-BBFF-F67E08E1BDB8}.Release|Win32.ActiveCfg = Release|Win32
		{95B77939-521A-40CC-BBFF-F67E08E1BDB8}.Release|Win32.Build.0 = Release|Win32
		{FD1F0A77-0C0B-4982-81DD-9E8BC25D2BB5}.Debug|Win32.ActiveCfg = Debug|Win32
		{FD1F0A77-0C0B-4982-81DD-9E8BC25D2BB5}.Debug|Win32.Build.0 = Debug|Win32
		{FD1F0A77-0C0B-4982-81DD-9E8BC25D2BB5}.Release|Win32.ActiveCfg = Release|Win32
		{FD1F0A77-0C0B-4982-81DD-9E8BC25D2BB5}.Release|Win32.Build.0 = Release|Win32
		{F209CE8C-CE07-43CC-98A6-F16B3790EB80}.Debug|Win32.ActiveCfg = Debug|Win32
		{F209CE8C-CE07-43CC-98A6-F16B3790EB80}.Debug|Win32.Build.0 = Debug|Win32
		{F209CE8C-CE07-43CC-98A6-F16B3790EB80}.Release|Win32.ActiveCfg = Release|Win32
		{F209CE8C-CE07-43CC-98A6-F16B3790EB80}.Release|Win32.Build.0 = Release|Win32
		{9F31DFCD-7618-4A43-8196-14F8749221CD}.Debug|Win32.ActiveCfg = Debug|Win32
		{9F31DFCD-7618-4A43-8196-14F8749221CD}.Debug|Win32.Build.0 = Debug|Win32
		{9F31DFCD-7618-4A43-8196-14F8749221CD}.Release|Win32.ActiveCfg = Release|Win32
		{9F31DFCD-7618-4A43-8196-14F8749221CD}.Release|Win32.Build.0 = Release|Win32
		{8F831F55-7119-4254-BAA7-BDBD822B2345}.Debug|Win32.ActiveCfg = Debug|Win32
		{8F831F55-7119-4254-BAA7-BDBD822B2345}.Debug|Win32.Build.0 = Debug|Win32
		{8F831F55-7119-4254-BAA7-BDBD822B2345}.Release|Win32.ActiveCfg = Release|Win32
		{8F831F55-7119-4254-BAA7-BDBD822B2345}.Release|Win32.Build.0 = Release|Win32
		{BCAB0123-939B-42CC-A670-8E8CAA4E40C5}.Debug|Win32.ActiveCfg = Debug|Win32
		{BCAB0123-939B-42CC-A670-8E8CAA4E40C5}.Debug|Win32.Build.0 = Debug|Win32
		{BCAB0123-939B-42CC-A670-8E8CAA4E40C5}.Release|Win32.ActiveCfg = Release|Win32
		{BCAB0123-939B-42CC-A670-8E8CAA4E40C5}.Release|Win32.Build.0 = Release|Win32
		{72413E59-59AF-4075-9158-25076BFC660A}.Debug|Win32.ActiveCfg = Debug|Win32
		{72413E59-59AF-4075-9158-25076BFC660A}.Debug|Win32.Build.0 = Debug|Win32
		{72413E59-59AF-4075-9158-25076BFC660A}.Release|Win32.ActiveCfg = Release|Win32
		{72413E59-59AF-4075-9158-25076BFC660A}.Release|Win32.Build.0 = Release|Win32
		{37E6B5FF-B525-4E86-9BD7-3A841CECA56A}.Debug|Win32.ActiveCfg = Debug|Win32
		{37E6B5FF-B525-4E86-9BD7-3A841CECA56A}.Debug|Win32.Build.0 = Debug|Win32
		{37E6B5FF-B525-4E86-9BD7-3A841CECA56A}.Release|Win32.ActiveCfg = Release|Win32
		{37E6B5FF-B525-4E86-9BD7-3A841CECA56A}.Release|Win32.Build.0 = Release|Win32
	EndGlobalSection
	GlobalSection(SolutionProperties) = preSolution
		HideSolutionNode = FALSE
	EndGlobalSection
EndGlobal
